version = 1
revision = 3
requires-python = ">=3.14"
resolution-markers = [
    "sys_platform == 'win32'",
    "sys_platform == 'emscripten'",
    "sys_platform != 'emscripten' and sys_platform != 'win32'",
]

[[package]]
name = "certifi"
version = "2026.4.22"
source = { registry = "https://pypi.org/simple" }
sdist = { url = "https://files.pythonhosted.org/packages/25/ee/6caf7a40c36a1220410afe15a1cc64993a1f864871f698c0f93acb72842a/certifi-2026.4.22.tar.gz", hash = "sha256:8d455352a37b71bf76a79caa83a3d6c25afee4a385d632127b6afb3963f1c580", size = 137077, upload-time = "2026-04-22T11:26:11.191Z" }
wheels = [
    { url = "https://files.pythonhosted.org/packages/22/30/7cd8fdcdfbc5b869528b079bfb76dcdf6056b1a2097a662e5e8c04f42965/certifi-2026.4.22-py3-none-any.whl", hash = "sha256:3cb2210c8f88ba2318d29b0388d1023c8492ff72ecdde4ebdaddbb13a31b1c4a", size = 135707, upload-time = "2026-04-22T11:26:09.372Z" },
]

[[package]]
name = "geopandas"
version = "1.1.3"
source = { registry = "https://pypi.org/simple" }
dependencies = [
    { name = "numpy" },
    { name = "packaging" },
    { name = "pandas" },
    { name = "pyogrio" },
    { name = "pyproj" },
    { name = "shapely" },
]
sdist = { url = "https://files.pythonhosted.org/packages/85/ba/8e6b2091878e99e86a36a814dcaeff652ed48bdb03d53e78e15aaa63a914/geopandas-1.1.3.tar.gz", hash = "sha256:91a31989b6f566012838d21d5f8033f37dce882079ccb7cfdc40d5ccce7f284f", size = 336718, upload-time = "2026-03-09T21:49:09.545Z" }
wheels = [
    { url = "https://files.pythonhosted.org/packages/3c/78/6a04792ace63a93e162f1305392d500ae8ddcb620e7eb88a22fd622b35bb/geopandas-1.1.3-py3-none-any.whl", hash = "sha256:90d62a64f95eaa3be2ccc115c5f3d6e24208bb11983b390fdc0621a3eccd0230", size = 342514, upload-time = "2026-03-09T21:49:07.973Z" },
]

[[package]]
name = "imagery-using-obstore"
version = "0.1.0"
source = { virtual = "." }
dependencies = [
    { name = "geopandas" },
    { name = "obstore" },
    { name = "shapely" },
]

[package.metadata]
requires-dist = [
    { name = "geopandas", specifier = ">=1.0.0" },
    { name = "obstore", specifier = ">=0.9.4" },
    { name = "shapely", specifier = ">=2.0.0" },
]

[[package]]
name = "numpy"
version = "2.4.4"
source = { registry = "https://pypi.org/simple" }
sdist = { url = "https://files.pythonhosted.org/packages/d7/9f/b8cef5bffa569759033adda9481211426f12f53299629b410340795c2514/numpy-2.4.4.tar.gz", hash = "sha256:2d390634c5182175533585cc89f3608a4682ccb173cc9bb940b2881c8d6f8fa0", size = 20731587, upload-time = "2026-03-29T13:22:01.298Z" }
wheels = [
    { url = "https://files.pythonhosted.org/packages/6e/06/c54062f85f673dd5c04cbe2f14c3acb8c8b95e3384869bb8cc9bff8cb9df/numpy-2.4.4-cp314-cp314-macosx_10_15_x86_64.whl", hash = "sha256:f169b9a863d34f5d11b8698ead99febeaa17a13ca044961aa8e2662a6c7766a0", size = 16684353, upload-time = "2026-03-29T13:20:29.504Z" },
    { url = "https://files.pythonhosted.org/packages/4c/39/8a320264a84404c74cc7e79715de85d6130fa07a0898f67fb5cd5bd79908/numpy-2.4.4-cp314-cp314-macosx_11_0_arm64.whl", hash = "sha256:2483e4584a1cb3092da4470b38866634bafb223cbcd551ee047633fd2584599a", size = 14704914, upload-time = "2026-03-29T13:20:33.547Z" },
    { url = "https://files.pythonhosted.org/packages/91/fb/287076b2614e1d1044235f50f03748f31fa287e3dbe6abeb35cdfa351eca/numpy-2.4.4-cp314-cp314-macosx_14_0_arm64.whl", hash = "sha256:2d19e6e2095506d1736b7d80595e0f252d76b89f5e715c35e06e937679ea7d7a", size = 5210005, upload-time = "2026-03-29T13:20:36.45Z" },
    { url = "https://files.pythonhosted.org/packages/63/eb/fcc338595309910de6ecabfcef2419a9ce24399680bfb149421fa2df1280/numpy-2.4.4-cp314-cp314-macosx_14_0_x86_64.whl", hash = "sha256:6a246d5914aa1c820c9443ddcee9c02bec3e203b0c080349533fae17727dfd1b", size = 6544974, upload-time = "2026-03-29T13:20:39.014Z" },
    { url = "https://files.pythonhosted.org/packages/44/5d/e7e9044032a716cdfaa3fba27a8e874bf1c5f1912a1ddd4ed071bf8a14a6/numpy-2.4.4-cp314-cp314-manylinux_2_27_aarch64.manylinux_2_28_aarch64.whl", hash = "sha256:989824e9faf85f96ec9c7761cd8d29c531ad857bfa1daa930cba85baaecf1a9a", size = 15684591, upload-time = "2026-03-29T13:20:42.146Z" },
    { url = "https://files.pythonhosted.org/packages/98/7c/21252050676612625449b4807d6b695b9ce8a7c9e1c197ee6216c8a65c7c/numpy-2.4.4-cp314-cp314-manylinux_2_27_x86_64.manylinux_2_28_x86_64.whl", hash = "sha256:27a8d92cd10f1382a67d7cf4db7ce18341b66438bdd9f691d7b0e48d104c2a9d", size = 16637700, upload-time = "2026-03-29T13:20:46.204Z" },
    { url = "https://files.pythonhosted.org/packages/b1/29/56d2bbef9465db24ef25393383d761a1af4f446a1df9b8cded4fe3a5a5d7/numpy-2.4.4-cp314-cp314-musllinux_1_2_aarch64.whl", hash = "sha256:e44319a2953c738205bf3354537979eaa3998ed673395b964c1176083dd46252", size = 17035781, upload-time = "2026-03-29T13:20:50.242Z" },
    { url = "https://files.pythonhosted.org/packages/e3/2b/a35a6d7589d21f44cea7d0a98de5ddcbb3d421b2622a5c96b1edf18707c3/numpy-2.4.4-cp314-cp314-musllinux_1_2_x86_64.whl", hash = "sha256:e892aff75639bbef0d2a2cfd55535510df26ff92f63c92cd84ef8d4ba5a5557f", size = 18362959, upload-time = "2026-03-29T13:20:54.019Z" },
    { url = "https://files.pythonhosted.org/packages/64/c9/d52ec581f2390e0f5f85cbfd80fb83d965fc15e9f0e1aec2195faa142cde/numpy-2.4.4-cp314-cp314-win32.whl", hash = "sha256:1378871da56ca8943c2ba674530924bb8ca40cd228358a3b5f302ad60cf875fc", size = 6008768, upload-time = "2026-03-29T13:20:56.912Z" },
    { url = "https://files.pythonhosted.org/packages/fa/22/4cc31a62a6c7b74a8730e31a4274c5dc80e005751e277a2ce38e675e4923/numpy-2.4.4-cp314-cp314-win_amd64.whl", hash = "sha256:715d1c092715954784bc79e1174fc2a90093dc4dc84ea15eb14dad8abdcdeb74", size = 12449181, upload-time = "2026-03-29T13:20:59.548Z" },
    { url = "https://files.pythonhosted.org/packages/70/2e/14cda6f4d8e396c612d1bf97f22958e92148801d7e4f110cabebdc0eef4b/numpy-2.4.4-cp314-cp314-win_arm64.whl", hash = "sha256:2c194dd721e54ecad9ad387c1d35e63dce5c4450c6dc7dd5611283dda239aabb", size = 10496035, upload-time = "2026-03-29T13:21:02.524Z" },
    { url = "https://files.pythonhosted.org/packages/b1/e8/8fed8c8d848d7ecea092dc3469643f9d10bc3a134a815a3b033da1d2039b/numpy-2.4.4-cp314-cp314t-macosx_11_0_arm64.whl", hash = "sha256:2aa0613a5177c264ff5921051a5719d20095ea586ca88cc802c5c218d1c67d3e", size = 14824958, upload-time = "2026-03-29T13:21:05.671Z" },
    { url = "https://files.pythonhosted.org/packages/05/1a/d8007a5138c179c2bf33ef44503e83d70434d2642877ee8fbb230e7c0548/numpy-2.4.4-cp314-cp314t-macosx_14_0_arm64.whl", hash = "sha256:42c16925aa5a02362f986765f9ebabf20de75cdefdca827d14315c568dcab113", size = 5330020, upload-time = "2026-03-29T13:21:08.635Z" },
    { url = "https://files.pythonhosted.org/packages/99/64/ffb99ac6ae93faf117bcbd5c7ba48a7f45364a33e8e458545d3633615dda/numpy-2.4.4-cp314-cp314t-macosx_14_0_x86_64.whl", hash = "sha256:874f200b2a981c647340f841730fc3a2b54c9d940566a3c4149099591e2c4c3d", size = 6650758, upload-time = "2026-03-29T13:21:10.949Z" },
    { url = "https://files.pythonhosted.org/packages/6e/6e/795cc078b78a384052e73b2f6281ff7a700e9bf53bcce2ee579d4f6dd879/numpy-2.4.4-cp314-cp314t-manylinux_2_27_aarch64.manylinux_2_28_aarch64.whl", hash = "sha256:c9b39d38a9bd2ae1becd7eac1303d031c5c110ad31f2b319c6e7d98b135c934d", size = 15729948, upload-time = "2026-03-29T13:21:14.047Z" },
    { url = "https://files.pythonhosted.org/packages/5f/86/2acbda8cc2af5f3d7bfc791192863b9e3e19674da7b5e533fded124d1299/numpy-2.4.4-cp314-cp314t-manylinux_2_27_x86_64.manylinux_2_28_x86_64.whl", hash = "sha256:b268594bccac7d7cf5844c7732e3f20c50921d94e36d7ec9b79e9857694b1b2f", size = 16679325, upload-time = "2026-03-29T13:21:17.561Z" },
    { url = "https://files.pythonhosted.org/packages/bc/59/cafd83018f4aa55e0ac6fa92aa066c0a1877b77a615ceff1711c260ffae8/numpy-2.4.4-cp314-cp314t-musllinux_1_2_aarch64.whl", hash = "sha256:ac6b31e35612a26483e20750126d30d0941f949426974cace8e6b5c58a3657b0", size = 17084883, upload-time = "2026-03-29T13:21:21.106Z" },
    { url = "https://files.pythonhosted.org/packages/f0/85/a42548db84e65ece46ab2caea3d3f78b416a47af387fcbb47ec28e660dc2/numpy-2.4.4-cp314-cp314t-musllinux_1_2_x86_64.whl", hash = "sha256:8e3ed142f2728df44263aaf5fb1f5b0b99f4070c553a0d7f033be65338329150", size = 18403474, upload-time = "2026-03-29T13:21:24.828Z" },
    { url = "https://files.pythonhosted.org/packages/ed/ad/483d9e262f4b831000062e5d8a45e342166ec8aaa1195264982bca267e62/numpy-2.4.4-cp314-cp314t-win32.whl", hash = "sha256:dddbbd259598d7240b18c9d87c56a9d2fb3b02fe266f49a7c101532e78c1d871", size = 6155500, upload-time = "2026-03-29T13:21:28.205Z" },
    { url = "https://files.pythonhosted.org/packages/c7/03/2fc4e14c7bd4ff2964b74ba90ecb8552540b6315f201df70f137faa5c589/numpy-2.4.4-cp314-cp314t-win_amd64.whl", hash = "sha256:a7164afb23be6e37ad90b2f10426149fd75aee07ca55653d2aa41e66c4ef697e", size = 12637755, upload-time = "2026-03-29T13:21:31.107Z" },
    { url = "https://files.pythonhosted.org/packages/58/78/548fb8e07b1a341746bfbecb32f2c268470f45fa028aacdbd10d9bc73aab/numpy-2.4.4-cp314-cp314t-win_arm64.whl", hash = "sha256:ba203255017337d39f89bdd58417f03c4426f12beed0440cfd933cb15f8669c7", size = 10566643, upload-time = "2026-03-29T13:21:34.339Z" },
]

[[package]]
name = "obstore"
version = "0.9.4"
source = { registry = "https://pypi.org/simple" }
sdist = { url = "https://files.pythonhosted.org/packages/d3/7a/3a37b0bf0da898478029fcc511a0d2a7252689b1f29e46db7ae74a219c74/obstore-0.9.4.tar.gz", hash = "sha256:e2b93f1372c59da2c7e74122fc6dc4b713d84fd4528b5b500ef7f548425496b5", size = 124167, upload-time = "2026-04-22T19:51:05.261Z" }
wheels = [
    { url = "https://files.pythonhosted.org/packages/ac/25/4449a0066796b91e282d7604a66387bba399b14752598c748ea9557c4c32/obstore-0.9.4-cp311-abi3-macosx_10_12_x86_64.whl", hash = "sha256:0d17cd04e7f22960050a85f8daa6e274d693e8fb3b97b81eeaa293c6f9e62eb4", size = 4090743, upload-time = "2026-04-22T19:49:26.461Z" },
    { url = "https://files.pythonhosted.org/packages/93/91/639fe5f5644593b9f4bea66f8f29c7bfd4de3b3381fb74b4f7df678f505f/obstore-0.9.4-cp311-abi3-macosx_11_0_arm64.whl", hash = "sha256:d4beec92710fb8826fb357baf28fb79a91ee07dcdfe73777207aa762164aaa35", size = 3876313, upload-time = "2026-04-22T19:49:28.107Z" },
    { url = "https://files.pythonhosted.org/packages/ce/71/d6675f845ebe1e3927f2dce6a2a4d5a393359274762ee00c5e6855d5f468/obstore-0.9.4-cp311-abi3-manylinux_2_17_armv7l.manylinux2014_armv7l.whl", hash = "sha256:d523c8c365ab60afb8d232614a00a92bea439a9f5c55b92486c23a47af038a1e", size = 4029950, upload-time = "2026-04-22T19:49:30.279Z" },
    { url = "https://files.pythonhosted.org/packages/0e/3a/5915a173f5c6a95f9ec186a7e29b0ce6a23bd9b04c2b0b29a351dbe2baf6/obstore-0.9.4-cp311-abi3-manylinux_2_17_i686.manylinux2014_i686.whl", hash = "sha256:ee0483619088337ee365cb344fceee337e2670ec4de2a1da92ac7f6b2220f18e", size = 4129455, upload-time = "2026-04-22T19:49:31.934Z" },
    { url = "https://files.pythonhosted.org/packages/b5/a9/63c31d2d436c06c4d39ed5cb154fe54202b303854532ec09537c4ce0755b/obstore-0.9.4-cp311-abi3-manylinux_2_17_ppc64le.manylinux2014_ppc64le.whl", hash = "sha256:83da348bf0a7dd84e5839c0cd54d79dcd08e0729c394e566f73a605b93b9e998", size = 4416727, upload-time = "2026-04-22T19:49:34.016Z" },
    { url = "https://files.pythonhosted.org/packages/7f/fa/23c5c6db02be0e13abcbe01c1ca94c5f7876e8c58e74cb9ac2b57b068866/obstore-0.9.4-cp311-abi3-manylinux_2_17_s390x.manylinux2014_s390x.whl", hash = "sha256:f282a17200bcc37b8d7a1d02a146ed41812eb6e76fd0a4c9a154f02da1b8031f", size = 4311520, upload-time = "2026-04-22T19:49:35.905Z" },
    { url = "https://files.pythonhosted.org/packages/86/f0/49f6b02dab9c05e3fd79d6129e4d9e7e9874d6e5e05369ca3b3b80a48aaa/obstore-0.9.4-cp311-abi3-manylinux_2_17_x86_64.manylinux2014_x86_64.whl", hash = "sha256:d29dcfceaa0a205ded2263d29a2a3aa206819d549e0325c1f2106f79e2658584", size = 4220536, upload-time = "2026-04-22T19:49:38.343Z" },
    { url = "https://files.pythonhosted.org/packages/50/ab/d0bfd6d68422e7d8f2204d91736c7e62767e0576ad749da442a71e7773b2/obstore-0.9.4-cp311-abi3-manylinux_2_24_aarch64.whl", hash = "sha256:caecb912723ab8e9da8da26def249d66da4318959df2bafc0a55af64f3255902", size = 4105099, upload-time = "2026-04-22T19:49:40.384Z" },
    { url = "https://files.pythonhosted.org/packages/66/3b/f595d0ee354f9daa69438991f8818602f34bc59498c8468456a02d45fb27/obstore-0.9.4-cp311-abi3-musllinux_1_2_aarch64.whl", hash = "sha256:0c1c06fec8837595a2829b5f7536d0d01e940ce10b07ad2a8594fec1cfd0b7d5", size = 4294206, upload-time = "2026-04-22T19:49:42.016Z" },
    { url = "https://files.pythonhosted.org/packages/60/54/3c5af2d59258aaa9e5bef05320658ea6e9b1f3897a3a977bf7f54a0b6ec1/obstore-0.9.4-cp311-abi3-musllinux_1_2_armv7l.whl", hash = "sha256:c132795a789ec5ade31bf4d5b55ed321fb41d9749e9145520bf19063e1da5f7b", size = 4265047, upload-time = "2026-04-22T19:49:43.983Z" },
    { url = "https://files.pythonhosted.org/packages/fb/af/a8ba1feb81b9833b253147839da40405ec6bfa51feb3abfe909c800208a5/obstore-0.9.4-cp311-abi3-musllinux_1_2_i686.whl", hash = "sha256:c6e342360a5d0ae71486bc5f8311778aa144ec1a905c23593f8ef57b5bceae24", size = 4255361, upload-time = "2026-04-22T19:49:45.864Z" },
    { url = "https://files.pythonhosted.org/packages/15/f7/3ccc0288111e057f8ba3d99bee14f95d9e9bb00acaf6e9700e0eb4cd82c3/obstore-0.9.4-cp311-abi3-musllinux_1_2_x86_64.whl", hash = "sha256:aeb6f7e7e862550f5020a10692ef6f02d5ba4912dba08942eb59bb7d73f93fe0", size = 4439378, upload-time = "2026-04-22T19:49:47.581Z" },
    { url = "https://files.pythonhosted.org/packages/c4/b1/3ac8b5772743c60064f3c7e02d27f346dbb58feaa99a49ee09798d1cfb00/obstore-0.9.4-cp311-abi3-win_amd64.whl", hash = "sha256:a58ef942292841f99d69ac11d19d05544c835447c8c09dacbfb7409c6374c4a1", size = 4191594, upload-time = "2026-04-22T19:49:49.308Z" },
    { url = "https://files.pythonhosted.org/packages/19/76/c53583f95c6811057abd3116756dca46785318d564a0e99c207cbb2d8938/obstore-0.9.4-cp314-cp314t-macosx_10_12_x86_64.whl", hash = "sha256:e009e7437770c85beae4c32cb79f662f0a9922676ef127e943d107a5c082d38d", size = 4071302, upload-time = "2026-04-22T19:50:15.967Z" },
    { url = "https://files.pythonhosted.org/packages/2f/23/ac3b9c05a09b3d5f178ed6f288c5d6913df8f7386059590194e0fee65d15/obstore-0.9.4-cp314-cp314t-macosx_11_0_arm64.whl", hash = "sha256:ac5f3ad314bd4592fe484b79c229518be7bb5f6218bed33c20742026d5caf860", size = 3870813, upload-time = "2026-04-22T19:50:17.62Z" },
    { url = "https://files.pythonhosted.org/packages/f7/ec/c3458e0f24d2d1a4f185f541905b07e51c91b3fec589b1600c77d511e585/obstore-0.9.4-cp314-cp314t-manylinux_2_17_armv7l.manylinux2014_armv7l.whl", hash = "sha256:db79d5ebc4177360565ffcec4abd49930cf052cdbeb94e3a3ece2e2d08f087d0", size = 4024237, upload-time = "2026-04-22T19:50:19.81Z" },
    { url = "https://files.pythonhosted.org/packages/a7/eb/6cf468a200e491fdc6c04075e2fbbac1707bbecd243f0f56ae1e75d052ed/obstore-0.9.4-cp314-cp314t-manylinux_2_17_i686.manylinux2014_i686.whl", hash = "sha256:05b565d89c3115fb74385852dd628e12f6645a1bba97523dceae016b538a3f33", size = 4119635, upload-time = "2026-04-22T19:50:21.605Z" },
    { url = "https://files.pythonhosted.org/packages/81/fb/b44d002767fa5af95ab4ca8e16c3a9057fc11f13de03f498b99adf0c4e50/obstore-0.9.4-cp314-cp314t-manylinux_2_17_ppc64le.manylinux2014_ppc64le.whl", hash = "sha256:7dfc4fc98403d8fbb316eb04257c8122b6f1dda37e80869491fdacf60a815e4c", size = 4406906, upload-time = "2026-04-22T19:50:23.654Z" },
    { url = "https://files.pythonhosted.org/packages/4b/18/9a75ad5082cd581c4a55f0e62bedf4b030a8b53824976fc1f030eff225b3/obstore-0.9.4-cp314-cp314t-manylinux_2_17_s390x.manylinux2014_s390x.whl", hash = "sha256:c69af620fd3d06a8cfb62d25faf1adb6ccc97cc572f47ee04dddcde5a5e5444e", size = 4311826, upload-time = "2026-04-22T19:50:25.458Z" },
    { url = "https://files.pythonhosted.org/packages/8d/03/b0f945b31f40364a7ed4dbc5677abc66331fcf478732f4d643e17e56bb13/obstore-0.9.4-cp314-cp314t-manylinux_2_17_x86_64.manylinux2014_x86_64.whl", hash = "sha256:fa78c0230e0b9d49b25ed18980e1751331ddfe05782d6ce97579a9ccda8229ea", size = 4217086, upload-time = "2026-04-22T19:50:27.266Z" },
    { url = "https://files.pythonhosted.org/packages/1a/26/bdd85264c806802086f21d73cc7c95a5baca5feeeac4bce8acb97142163f/obstore-0.9.4-cp314-cp314t-manylinux_2_24_aarch64.whl", hash = "sha256:c828719f0bb310a9cf0e0f08cb62a0b8cc550138617cb03ac897900aec9d3d47", size = 4105560, upload-time = "2026-04-22T19:50:29.324Z" },
    { url = "https://files.pythonhosted.org/packages/6a/36/4a4a6a398e5f145edd1886388ebe5e6f6bbaf74950a5dea1a6ceae63e6b5/obstore-0.9.4-cp314-cp314t-musllinux_1_2_aarch64.whl", hash = "sha256:49a0455519f284b6bc2e0694298114926aff1d1f3d5d344e9163e03b446826cc", size = 4292582, upload-time = "2026-04-22T19:50:31.028Z" },
    { url = "https://files.pythonhosted.org/packages/39/4c/9caa197cd2eba726e9a5285db34027049b9527a23e1a7e08479678ad6a4a/obstore-0.9.4-cp314-cp314t-musllinux_1_2_armv7l.whl", hash = "sha256:cf437309fc0fe852591ae50405300490229f876ea06574651fd753ca3fd23f25", size = 4261613, upload-time = "2026-04-22T19:50:32.868Z" },
    { url = "https://files.pythonhosted.org/packages/b8/94/a3fbe6fb3ee1c57fd4943ddbb21848eea3925b77e0789614c857d86b795e/obstore-0.9.4-cp314-cp314t-musllinux_1_2_i686.whl", hash = "sha256:d83dbd20b6a5d42e35794ef64046de39040854829ec4f1eb2f6dfb54df48cc3d", size = 4245638, upload-time = "2026-04-22T19:50:35.009Z" },
    { url = "https://files.pythonhosted.org/packages/56/a7/d18e168f318327d63512dfa7cf3b5e89ed9bfba6d6a8917ad7d4700b8657/obstore-0.9.4-cp314-cp314t-musllinux_1_2_x86_64.whl", hash = "sha256:5a0c337f37f30a2d66555d69bf3abd840457a279c57ede93bd02e014721ed364", size = 4437226, upload-time = "2026-04-22T19:50:36.635Z" },
    { url = "https://files.pythonhosted.org/packages/f4/ce/66aadd155db1e273c6ec2236c0fb904666d10c2e3b791b40624c272e586c/obstore-0.9.4-cp314-cp314t-win_amd64.whl", hash = "sha256:24e37a1c713c95a964e119f8ef879415a495432162e74e80ed29d645aeeca114", size = 4180746, upload-time = "2026-04-22T19:50:38.396Z" },
]

[[package]]
name = "packaging"
version = "26.2"
source = { registry = "https://pypi.org/simple" }
sdist = { url = "https://files.pythonhosted.org/packages/d7/f1/e7a6dd94a8d4a5626c03e4e99c87f241ba9e350cd9e6d75123f992427270/packaging-26.2.tar.gz", hash = "sha256:ff452ff5a3e828ce110190feff1178bb1f2ea2281fa2075aadb987c2fb221661", size = 228134, upload-time = "2026-04-24T20:15:23.917Z" }
wheels = [
    { url = "https://files.pythonhosted.org/packages/df/b2/87e62e8c3e2f4b32e5fe99e0b86d576da1312593b39f47d8ceef365e95ed/packaging-26.2-py3-none-any.whl", hash = "sha256:5fc45236b9446107ff2415ce77c807cee2862cb6fac22b8a73826d0693b0980e", size = 100195, upload-time = "2026-04-24T20:15:22.081Z" },
]

[[package]]
name = "pandas"
version = "3.0.3"
source = { registry = "https://pypi.org/simple" }
dependencies = [
    { name = "numpy" },
    { name = "python-dateutil" },
    { name = "tzdata", marker = "sys_platform == 'emscripten' or sys_platform == 'win32'" },
]
sdist = { url = "https://files.pythonhosted.org/packages/f8/87/4341c6252d1c47b08768c3d25ac487362bf403f0313ddae4a2a26c9b1b4c/pandas-3.0.3.tar.gz", hash = "sha256:696a4a00a2a2a35d4e5deb3fc946641b96c944f02230e4f76137fe35d806c4fc", size = 4651414, upload-time = "2026-05-11T18:54:29.21Z" }
wheels = [
    { url = "https://files.pythonhosted.org/packages/86/54/effdcc3c0ff7a08037889200e148ebe94c16c4f653be078c7b3675955df1/pandas-3.0.3-cp314-cp314-macosx_10_15_x86_64.whl", hash = "sha256:3650109c0f22879df8bd6179ab9ee3d7f1d1d4e7e0094a3f0032d9f51e2e64ac", size = 10336065, upload-time = "2026-05-11T18:53:41.099Z" },
    { url = "https://files.pythonhosted.org/packages/68/10/bf2d6738d72748b961a3751ab89522d58c54efc36a8e1a12161216cd45cf/pandas-3.0.3-cp314-cp314-macosx_11_0_arm64.whl", hash = "sha256:bab900348131a7db1f69a7309ef141fd5680f1487094193bcbbb61791573bf8f", size = 9926101, upload-time = "2026-05-11T18:53:43.515Z" },
    { url = "https://files.pythonhosted.org/packages/ae/e9/e35cf11c8a136e757b956f5f0efdcaa50aecde85ea055f1898dfc68262f3/pandas-3.0.3-cp314-cp314-manylinux_2_24_aarch64.manylinux_2_28_aarch64.whl", hash = "sha256:ba7e08b9ac1d54569cd1e256e3668975ed624d6826f7b68df0342b012007bddb", size = 10457553, upload-time = "2026-05-11T18:53:46.394Z" },
    { url = "https://files.pythonhosted.org/packages/58/3b/1cdec6772bdbaf7b25dab360c59f03cadf05492dd724c6540af905389b07/pandas-3.0.3-cp314-cp314-manylinux_2_24_x86_64.manylinux_2_28_x86_64.whl", hash = "sha256:9d71c63ae4ebdbf70209742096f1fc46a83a0613c99d4b23766cced9ff8cd62a", size = 10914065, upload-time = "2026-05-11T18:53:49.134Z" },
    { url = "https://files.pythonhosted.org/packages/c4/c2/1ef644445fcd72e3627bceec77e3560636f87ddce4ed841afe76b83b5bf9/pandas-3.0.3-cp314-cp314-musllinux_1_2_aarch64.whl", hash = "sha256:e3a2ec42c98ffa2565a67e08e218d06d72576d758d90facb7c00805194d8f360", size = 11459188, upload-time = "2026-05-11T18:53:52.527Z" },
    { url = "https://files.pythonhosted.org/packages/7e/49/4d8d4f42cbc9c4adc7a1870f269c02cbd6cd40d059622c06fb298addcbad/pandas-3.0.3-cp314-cp314-musllinux_1_2_x86_64.whl", hash = "sha256:335f62418ed562cfc3c49e9e196375c28b729dcef8543abf4f9438e381bf3c76", size = 11982966, upload-time = "2026-05-11T18:53:55.043Z" },
    { url = "https://files.pythonhosted.org/packages/38/55/792619469bab9882d8bbd5865d45a72f6478762d04a9af4bf0d08c503e95/pandas-3.0.3-cp314-cp314-win_amd64.whl", hash = "sha256:3c20a521bbb85902f79f7270c80a59e1b5452d96d170c034f207181870f97ac5", size = 9876755, upload-time = "2026-05-11T18:53:58.067Z" },
    { url = "https://files.pythonhosted.org/packages/2a/af/33c469653b0ba03b50c3a98192d4c07f0c75c66b263ceb097fce0ee97d31/pandas-3.0.3-cp314-cp314-win_arm64.whl", hash = "sha256:a2d2dff8a04f3917b55ab3910c32990f8ddf7eceba114947838cefa976a68977", size = 9198658, upload-time = "2026-05-11T18:54:00.733Z" },
    { url = "https://files.pythonhosted.org/packages/a2/fa/b8c257bd76b8bd060c3a9151c1fca05e9b9c5e3af5d0f549c0356f6d143d/pandas-3.0.3-cp314-cp314t-macosx_10_15_x86_64.whl", hash = "sha256:0d589105b3c14645af1738ff279b2995102d8f7a03b0a66dc8d95550eb513e04", size = 10787242, upload-time = "2026-05-11T18:54:03.564Z" },
    { url = "https://files.pythonhosted.org/packages/54/eb/f19206ffb0bf1919002969aa448b4702c6594845156a6f8050674855aac3/pandas-3.0.3-cp314-cp314t-macosx_11_0_arm64.whl", hash = "sha256:13fc1e853d9e04743d11ba75a985ccbc2a317fe07d8af61e445a6fd24dacd6a6", size = 10436369, upload-time = "2026-05-11T18:54:06.311Z" },
    { url = "https://files.pythonhosted.org/packages/fd/24/c7c39fb4fe22b71a0c2d78bf0c585c600092d85f94f086d2b3b2f6ca27e2/pandas-3.0.3-cp314-cp314t-manylinux_2_24_aarch64.manylinux_2_28_aarch64.whl", hash = "sha256:819959dab7bbd0049c15623fbac4e29a191b9528160a61fb1032242d8ced2d9c", size = 10358306, upload-time = "2026-05-11T18:54:09.085Z" },
    { url = "https://files.pythonhosted.org/packages/16/ec/dd2a9eb7fa1204df88c0864164e35b228ac581062ac612ba0a67fd812e4c/pandas-3.0.3-cp314-cp314t-manylinux_2_24_x86_64.manylinux_2_28_x86_64.whl", hash = "sha256:60ae316d3fd75d1858d450d0db0103ea2be3e7d4a95ec2f064f7e2ae63f7b028", size = 10758394, upload-time = "2026-05-11T18:54:11.956Z" },
    { url = "https://files.pythonhosted.org/packages/95/6e/00c61ea8e85b4f6d8d35e11852a1a4998fc7fafc91c6a602d1cc9c972d64/pandas-3.0.3-cp314-cp314t-musllinux_1_2_aarch64.whl", hash = "sha256:bd3a518890b400d32f9023722dc9a9a5c969f00b415419a3c06c043f09bb5d7d", size = 11375717, upload-time = "2026-05-11T18:54:14.539Z" },
    { url = "https://files.pythonhosted.org/packages/31/89/8fc1c268969fac43688d65fd92e67df24bd128d53cb4d2eee534cd307399/pandas-3.0.3-cp314-cp314t-musllinux_1_2_x86_64.whl", hash = "sha256:9c39be2d709d01fa972a0cabc522389fceca4f3969332ba25a7d6c5802cf976a", size = 11828897, upload-time = "2026-05-11T18:54:17.146Z" },
    { url = "https://files.pythonhosted.org/packages/56/3b/e7d20dea247a3e6dc0bd8a6953854afbedc03951def4e7371e05e7263e25/pandas-3.0.3-cp314-cp314t-win_amd64.whl", hash = "sha256:4db8c527972a821cf5286b40ccc57642a39bc62e62022b42f99f8a67fca8c3a1", size = 10900855, upload-time = "2026-05-11T18:54:19.72Z" },
    { url = "https://files.pythonhosted.org/packages/0f/54/68a0978d1ef8502b8492099beaa6e7a0c1b32e3b5d4f677f5810cb08711c/pandas-3.0.3-cp314-cp314t-win_arm64.whl", hash = "sha256:b2c95f8bfc1ee412bf482605d7bfd30c12d1d26bd59fdd91efeef1d4718decb1", size = 9466464, upload-time = "2026-05-11T18:54:22.754Z" },
]

[[package]]
name = "pyogrio"
version = "0.12.1"
source = { registry = "https://pypi.org/simple" }
dependencies = [
    { name = "certifi" },
    { name = "numpy" },
    { name = "packaging" },
]
sdist = { url = "https://files.pythonhosted.org/packages/49/d4/12f86b1ed09721363da4c09622464b604c851a9223fc0c6b393fb2012208/pyogrio-0.12.1.tar.gz", hash = "sha256:e548ab705bb3e5383693717de1e6c76da97f3762ab92522cb310f93128a75ff1", size = 303289, upload-time = "2025-11-28T19:04:53.341Z" }
wheels = [
    { url = "https://files.pythonhosted.org/packages/f4/6f/b4d5e285e08c0c60bcc23b50d73038ddc7335d8de79cc25678cd486a3db0/pyogrio-0.12.1-cp314-cp314-macosx_12_0_arm64.whl", hash = "sha256:5a1b0453d1c9e7b03715dd57296c8f3790acb8b50d7e3b5844b3074a18f50709", size = 23660673, upload-time = "2025-11-28T19:04:21.662Z" },
    { url = "https://files.pythonhosted.org/packages/8d/75/4b29e71489c5551aa1a1c5ca8c5160a60203c94f2f68c87c0e3614d58965/pyogrio-0.12.1-cp314-cp314-macosx_12_0_x86_64.whl", hash = "sha256:e7ee560422239dd09ca7f8284cc8483a8919c30d25f3049bb0249bff4c38dec4", size = 25232194, upload-time = "2025-11-28T19:04:23.975Z" },
    { url = "https://files.pythonhosted.org/packages/89/6e/e9929d2261a07c36301983de2767bcde90d441ab5bf1d767ce56dd07f8b4/pyogrio-0.12.1-cp314-cp314-manylinux2014_x86_64.manylinux_2_17_x86_64.whl", hash = "sha256:648c6f7f5f214d30e6cf493b4af1d59782907ac068af9119ca35f18153d6865a", size = 31336936, upload-time = "2025-11-28T19:04:26.594Z" },
    { url = "https://files.pythonhosted.org/packages/1d/9e/c59941d734ed936d4e5c89b4b99cb5541307cc42b3fd466ee78a1850c177/pyogrio-0.12.1-cp314-cp314-manylinux_2_28_aarch64.whl", hash = "sha256:58042584f3fd4cabb0f55d26c1405053f656be8a5c266c38140316a1e981aca0", size = 30902210, upload-time = "2025-11-28T19:04:29.143Z" },
    { url = "https://files.pythonhosted.org/packages/d1/68/cc07320a63f9c2586e60bf11d148b00e12d0e707673bffe609bbdcb7e754/pyogrio-0.12.1-cp314-cp314-manylinux_2_28_x86_64.whl", hash = "sha256:b438e38e4ccbaedaa5cb5824ff5de5539315d9b2fde6547c1e816576924ee8ca", size = 32461674, upload-time = "2025-11-28T19:04:31.792Z" },
    { url = "https://files.pythonhosted.org/packages/13/bc/e4522f429c45a3b6ad28185849dd76e5c8718b780883c4795e7ee41841ae/pyogrio-0.12.1-cp314-cp314-win_amd64.whl", hash = "sha256:f1d8d8a2fea3781dc2a05982c050259261ebc0f6c5e03732d6d79d582adf9363", size = 23550575, upload-time = "2025-11-28T19:04:34.556Z" },
    { url = "https://files.pythonhosted.org/packages/bd/ac/34f0664d0e391994a7b68529ae07a96432b2b4926dbac173ddc4ec94d310/pyogrio-0.12.1-cp314-cp314t-macosx_12_0_arm64.whl", hash = "sha256:9fe7286946f35a73e6370dc5855bc7a5e8e7babf9e4a8bad7a3279a1d94c7ea9", size = 23694285, upload-time = "2025-11-28T19:04:37.833Z" },
    { url = "https://files.pythonhosted.org/packages/8a/93/873255529faff1da09d0b27287e85ec805a318c60c0c74fd7df77f94e557/pyogrio-0.12.1-cp314-cp314t-macosx_12_0_x86_64.whl", hash = "sha256:2c50345b382f1be801d654ec22c70ee974d6057d4ba7afe984b55f2192bc94ee", size = 25259825, upload-time = "2025-11-28T19:04:40.125Z" },
    { url = "https://files.pythonhosted.org/packages/27/95/4d4c3644695d99c6fa0b0b42f0d6266ae9dfaf64478a3371eaac950bdd02/pyogrio-0.12.1-cp314-cp314t-manylinux2014_x86_64.manylinux_2_17_x86_64.whl", hash = "sha256:f0db95765ac0ca935c7fe579e29451294e3ab19c317b0c59c31fbe92a69155e0", size = 31371995, upload-time = "2025-11-28T19:04:42.736Z" },
    { url = "https://files.pythonhosted.org/packages/4c/6f/71f6bcca8754c8bf55a4b7153c61c91f8ac5ba992568e9fa3e54a0ee76fd/pyogrio-0.12.1-cp314-cp314t-manylinux_2_28_aarch64.whl", hash = "sha256:fc882779075982b93064b3bf3d8642514a6df00d9dd752493b104817072cfb01", size = 31035498, upload-time = "2025-11-28T19:04:45.79Z" },
    { url = "https://files.pythonhosted.org/packages/fd/47/75c1aa165a988347317afab9b938a01ad25dbca559b582ea34473703dc38/pyogrio-0.12.1-cp314-cp314t-manylinux_2_28_x86_64.whl", hash = "sha256:806f620e0c54b54dbdd65e9b6368d24f344cda84c9343364b40a57eb3e1c4dca", size = 32496390, upload-time = "2025-11-28T19:04:48.786Z" },
    { url = "https://files.pythonhosted.org/packages/31/93/4641dc5d952f6bdb71dabad2c50e3f8a5d58396cdea6ff8f8a08bfd4f4a6/pyogrio-0.12.1-cp314-cp314t-win_amd64.whl", hash = "sha256:5399f66730978d8852ef5f44dbafa0f738e7f28f4f784349f36830b69a9d2134", size = 23620996, upload-time = "2025-11-28T19:04:51.132Z" },
]

[[package]]
name = "pyproj"
version = "3.7.2"
source = { registry = "https://pypi.org/simple" }
dependencies = [
    { name = "certifi" },
]
sdist = { url = "https://files.pythonhosted.org/packages/04/90/67bd7260b4ea9b8b20b4f58afef6c223ecb3abf368eb4ec5bc2cdef81b49/pyproj-3.7.2.tar.gz", hash = "sha256:39a0cf1ecc7e282d1d30f36594ebd55c9fae1fda8a2622cee5d100430628f88c", size = 226279, upload-time = "2025-08-14T12:05:42.18Z" }
wheels = [
    { url = "https://files.pythonhosted.org/packages/42/17/c2b050d3f5b71b6edd0d96ae16c990fdc42a5f1366464a5c2772146de33a/pyproj-3.7.2-cp314-cp314-macosx_13_0_x86_64.whl", hash = "sha256:2aaa328605ace41db050d06bac1adc11f01b71fe95c18661497763116c3a0f02", size = 6214541, upload-time = "2025-08-14T12:05:03.166Z" },
    { url = "https://files.pythonhosted.org/packages/03/68/68ada9c8aea96ded09a66cfd9bf87aa6db8c2edebe93f5bf9b66b0143fbc/pyproj-3.7.2-cp314-cp314-macosx_14_0_arm64.whl", hash = "sha256:35dccbce8201313c596a970fde90e33605248b66272595c061b511c8100ccc08", size = 4617456, upload-time = "2025-08-14T12:05:04.563Z" },
    { url = "https://files.pythonhosted.org/packages/81/e4/4c50ceca7d0e937977866b02cb64e6ccf4df979a5871e521f9e255df6073/pyproj-3.7.2-cp314-cp314-manylinux_2_28_aarch64.whl", hash = "sha256:25b0b7cb0042444c29a164b993c45c1b8013d6c48baa61dc1160d834a277e83b", size = 9615590, upload-time = "2025-08-14T12:05:06.094Z" },
    { url = "https://files.pythonhosted.org/packages/05/1e/ada6fb15a1d75b5bd9b554355a69a798c55a7dcc93b8d41596265c1772e3/pyproj-3.7.2-cp314-cp314-manylinux_2_28_x86_64.whl", hash = "sha256:85def3a6388e9ba51f964619aa002a9d2098e77c6454ff47773bb68871024281", size = 9474960, upload-time = "2025-08-14T12:05:07.973Z" },
    { url = "https://files.pythonhosted.org/packages/51/07/9d48ad0a8db36e16f842f2c8a694c1d9d7dcf9137264846bef77585a71f3/pyproj-3.7.2-cp314-cp314-musllinux_1_2_aarch64.whl", hash = "sha256:b1bccefec3875ab81eabf49059e2b2ea77362c178b66fd3528c3e4df242f1516", size = 10799478, upload-time = "2025-08-14T12:05:14.102Z" },
    { url = "https://files.pythonhosted.org/packages/85/cf/2f812b529079f72f51ff2d6456b7fef06c01735e5cfd62d54ffb2b548028/pyproj-3.7.2-cp314-cp314-musllinux_1_2_x86_64.whl", hash = "sha256:d5371ca114d6990b675247355a801925814eca53e6c4b2f1b5c0a956336ee36e", size = 10710030, upload-time = "2025-08-14T12:05:16.317Z" },
    { url = "https://files.pythonhosted.org/packages/99/9b/4626a19e1f03eba4c0e77b91a6cf0f73aa9cb5d51a22ee385c22812bcc2c/pyproj-3.7.2-cp314-cp314-win32.whl", hash = "sha256:77f066626030f41be543274f5ac79f2a511fe89860ecd0914f22131b40a0ec25", size = 5991181, upload-time = "2025-08-14T12:05:19.492Z" },
    { url = "https://files.pythonhosted.org/packages/04/b2/5a6610554306a83a563080c2cf2c57565563eadd280e15388efa00fb5b33/pyproj-3.7.2-cp314-cp314-win_amd64.whl", hash = "sha256:5a964da1696b8522806f4276ab04ccfff8f9eb95133a92a25900697609d40112", size = 6434721, upload-time = "2025-08-14T12:05:21.022Z" },
    { url = "https://files.pythonhosted.org/packages/ae/ce/6c910ea2e1c74ef673c5d48c482564b8a7824a44c4e35cca2e765b68cfcc/pyproj-3.7.2-cp314-cp314-win_arm64.whl", hash = "sha256:e258ab4dbd3cf627809067c0ba8f9884ea76c8e5999d039fb37a1619c6c3e1f6", size = 6363821, upload-time = "2025-08-14T12:05:22.627Z" },
    { url = "https://files.pythonhosted.org/packages/e4/e4/5532f6f7491812ba782a2177fe9de73fd8e2912b59f46a1d056b84b9b8f2/pyproj-3.7.2-cp314-cp314t-macosx_13_0_x86_64.whl", hash = "sha256:bbbac2f930c6d266f70ec75df35ef851d96fdb3701c674f42fd23a9314573b37", size = 6241773, upload-time = "2025-08-14T12:05:24.577Z" },
    { url = "https://files.pythonhosted.org/packages/20/1f/0938c3f2bbbef1789132d1726d9b0e662f10cfc22522743937f421ad664e/pyproj-3.7.2-cp314-cp314t-macosx_14_0_arm64.whl", hash = "sha256:b7544e0a3d6339dc9151e9c8f3ea62a936ab7cc446a806ec448bbe86aebb979b", size = 4652537, upload-time = "2025-08-14T12:05:26.391Z" },
    { url = "https://files.pythonhosted.org/packages/c7/a8/488b1ed47d25972f33874f91f09ca8f2227902f05f63a2b80dc73e7b1c97/pyproj-3.7.2-cp314-cp314t-manylinux_2_28_aarch64.whl", hash = "sha256:f7f5133dca4c703e8acadf6f30bc567d39a42c6af321e7f81975c2518f3ed357", size = 9940864, upload-time = "2025-08-14T12:05:27.985Z" },
    { url = "https://files.pythonhosted.org/packages/c7/cc/7f4c895d0cb98e47b6a85a6d79eaca03eb266129eed2f845125c09cf31ff/pyproj-3.7.2-cp314-cp314t-manylinux_2_28_x86_64.whl", hash = "sha256:5aff3343038d7426aa5076f07feb88065f50e0502d1b0d7c22ddfdd2c75a3f81", size = 9688868, upload-time = "2025-08-14T12:05:30.425Z" },
    { url = "https://files.pythonhosted.org/packages/b2/b7/c7e306b8bb0f071d9825b753ee4920f066c40fbfcce9372c4f3cfb2fc4ed/pyproj-3.7.2-cp314-cp314t-musllinux_1_2_aarch64.whl", hash = "sha256:b0552178c61f2ac1c820d087e8ba6e62b29442debddbb09d51c4bf8acc84d888", size = 11045910, upload-time = "2025-08-14T12:05:32.507Z" },
    { url = "https://files.pythonhosted.org/packages/42/fb/538a4d2df695980e2dde5c04d965fbdd1fe8c20a3194dc4aaa3952a4d1be/pyproj-3.7.2-cp314-cp314t-musllinux_1_2_x86_64.whl", hash = "sha256:47d87db2d2c436c5fd0409b34d70bb6cdb875cca2ebe7a9d1c442367b0ab8d59", size = 10895724, upload-time = "2025-08-14T12:05:35.465Z" },
    { url = "https://files.pythonhosted.org/packages/e8/8b/a3f0618b03957de9db5489a04558a8826f43906628bb0b766033aa3b5548/pyproj-3.7.2-cp314-cp314t-win32.whl", hash = "sha256:c9b6f1d8ad3e80a0ee0903a778b6ece7dca1d1d40f6d114ae01bc8ddbad971aa", size = 6056848, upload-time = "2025-08-14T12:05:37.553Z" },
    { url = "https://files.pythonhosted.org/packages/bc/56/413240dd5149dd3291eda55aa55a659da4431244a2fd1319d0ae89407cfb/pyproj-3.7.2-cp314-cp314t-win_amd64.whl", hash = "sha256:1914e29e27933ba6f9822663ee0600f169014a2859f851c054c88cf5ea8a333c", size = 6517676, upload-time = "2025-08-14T12:05:39.126Z" },
    { url = "https://files.pythonhosted.org/packages/15/73/a7141a1a0559bf1a7aa42a11c879ceb19f02f5c6c371c6d57fd86cefd4d1/pyproj-3.7.2-cp314-cp314t-win_arm64.whl", hash = "sha256:d9d25bae416a24397e0d85739f84d323b55f6511e45a522dd7d7eae70d10c7e4", size = 6391844, upload-time = "2025-08-14T12:05:40.745Z" },
]

[[package]]
name = "python-dateutil"
version = "2.9.0.post0"
source = { registry = "https://pypi.org/simple" }
dependencies = [
    { name = "six" },
]
sdist = { url = "https://files.pythonhosted.org/packages/66/c0/0c8b6ad9f17a802ee498c46e004a0eb49bc148f2fd230864601a86dcf6db/python-dateutil-2.9.0.post0.tar.gz", hash = "sha256:37dd54208da7e1cd875388217d5e00ebd4179249f90fb72437e91a35459a0ad3", size = 342432, upload-time = "2024-03-01T18:36:20.211Z" }
wheels = [
    { url = "https://files.pythonhosted.org/packages/ec/57/56b9bcc3c9c6a792fcbaf139543cee77261f3651ca9da0c93f5c1221264b/python_dateutil-2.9.0.post0-py2.py3-none-any.whl", hash = "sha256:a8b2bc7bffae282281c8140a97d3aa9c14da0b136dfe83f850eea9a5f7470427", size = 229892, upload-time = "2024-03-01T18:36:18.57Z" },
]

[[package]]
name = "shapely"
version = "2.1.2"
source = { registry = "https://pypi.org/simple" }
dependencies = [
    { name = "numpy" },
]
sdist = { url = "https://files.pythonhosted.org/packages/4d/bc/0989043118a27cccb4e906a46b7565ce36ca7b57f5a18b78f4f1b0f72d9d/shapely-2.1.2.tar.gz", hash = "sha256:2ed4ecb28320a433db18a5bf029986aa8afcfd740745e78847e330d5d94922a9", size = 315489, upload-time = "2025-09-24T13:51:41.432Z" }
wheels = [
    { url = "https://files.pythonhosted.org/packages/fc/c4/3ce4c2d9b6aabd27d26ec988f08cb877ba9e6e96086eff81bfea93e688c7/shapely-2.1.2-cp314-cp314-macosx_10_13_x86_64.whl", hash = "sha256:9a522f460d28e2bf4e12396240a5fc1518788b2fcd73535166d748399ef0c223", size = 1831290, upload-time = "2025-09-24T13:51:13.56Z" },
    { url = "https://files.pythonhosted.org/packages/17/b9/f6ab8918fc15429f79cb04afa9f9913546212d7fb5e5196132a2af46676b/shapely-2.1.2-cp314-cp314-macosx_11_0_arm64.whl", hash = "sha256:1ff629e00818033b8d71139565527ced7d776c269a49bd78c9df84e8f852190c", size = 1641463, upload-time = "2025-09-24T13:51:14.972Z" },
    { url = "https://files.pythonhosted.org/packages/a5/57/91d59ae525ca641e7ac5551c04c9503aee6f29b92b392f31790fcb1a4358/shapely-2.1.2-cp314-cp314-manylinux2014_aarch64.manylinux_2_17_aarch64.whl", hash = "sha256:f67b34271dedc3c653eba4e3d7111aa421d5be9b4c4c7d38d30907f796cb30df", size = 2970145, upload-time = "2025-09-24T13:51:16.961Z" },
    { url = "https://files.pythonhosted.org/packages/8a/cb/4948be52ee1da6927831ab59e10d4c29baa2a714f599f1f0d1bc747f5777/shapely-2.1.2-cp314-cp314-manylinux2014_x86_64.manylinux_2_17_x86_64.whl", hash = "sha256:21952dc00df38a2c28375659b07a3979d22641aeb104751e769c3ee825aadecf", size = 3073806, upload-time = "2025-09-24T13:51:18.712Z" },
    { url = "https://files.pythonhosted.org/packages/03/83/f768a54af775eb41ef2e7bec8a0a0dbe7d2431c3e78c0a8bdba7ab17e446/shapely-2.1.2-cp314-cp314-musllinux_1_2_aarch64.whl", hash = "sha256:1f2f33f486777456586948e333a56ae21f35ae273be99255a191f5c1fa302eb4", size = 3980803, upload-time = "2025-09-24T13:51:20.37Z" },
    { url = "https://files.pythonhosted.org/packages/9f/cb/559c7c195807c91c79d38a1f6901384a2878a76fbdf3f1048893a9b7534d/shapely-2.1.2-cp314-cp314-musllinux_1_2_x86_64.whl", hash = "sha256:cf831a13e0d5a7eb519e96f58ec26e049b1fad411fc6fc23b162a7ce04d9cffc", size = 4133301, upload-time = "2025-09-24T13:51:21.887Z" },
    { url = "https://files.pythonhosted.org/packages/80/cd/60d5ae203241c53ef3abd2ef27c6800e21afd6c94e39db5315ea0cbafb4a/shapely-2.1.2-cp314-cp314-win32.whl", hash = "sha256:61edcd8d0d17dd99075d320a1dd39c0cb9616f7572f10ef91b4b5b00c4aeb566", size = 1583247, upload-time = "2025-09-24T13:51:23.401Z" },
    { url = "https://files.pythonhosted.org/packages/74/d4/135684f342e909330e50d31d441ace06bf83c7dc0777e11043f99167b123/shapely-2.1.2-cp314-cp314-win_amd64.whl", hash = "sha256:a444e7afccdb0999e203b976adb37ea633725333e5b119ad40b1ca291ecf311c", size = 1773019, upload-time = "2025-09-24T13:51:24.873Z" },
    { url = "https://files.pythonhosted.org/packages/a3/05/a44f3f9f695fa3ada22786dc9da33c933da1cbc4bfe876fe3a100bafe263/shapely-2.1.2-cp314-cp314t-macosx_10_13_x86_64.whl", hash = "sha256:5ebe3f84c6112ad3d4632b1fd2290665aa75d4cef5f6c5d77c4c95b324527c6a", size = 1834137, upload-time = "2025-09-24T13:51:26.665Z" },
    { url = "https://files.pythonhosted.org/packages/52/7e/4d57db45bf314573427b0a70dfca15d912d108e6023f623947fa69f39b72/shapely-2.1.2-cp314-cp314t-macosx_11_0_arm64.whl", hash = "sha256:5860eb9f00a1d49ebb14e881f5caf6c2cf472c7fd38bd7f253bbd34f934eb076", size = 1642884, upload-time = "2025-09-24T13:51:28.029Z" },
    { url = "https://files.pythonhosted.org/packages/5a/27/4e29c0a55d6d14ad7422bf86995d7ff3f54af0eba59617eb95caf84b9680/shapely-2.1.2-cp314-cp314t-manylinux2014_aarch64.manylinux_2_17_aarch64.whl", hash = "sha256:b705c99c76695702656327b819c9660768ec33f5ce01fa32b2af62b56ba400a1", size = 3018320, upload-time = "2025-09-24T13:51:29.903Z" },
    { url = "https://files.pythonhosted.org/packages/9f/bb/992e6a3c463f4d29d4cd6ab8963b75b1b1040199edbd72beada4af46bde5/shapely-2.1.2-cp314-cp314t-manylinux2014_x86_64.manylinux_2_17_x86_64.whl", hash = "sha256:a1fd0ea855b2cf7c9cddaf25543e914dd75af9de08785f20ca3085f2c9ca60b0", size = 3094931, upload-time = "2025-09-24T13:51:32.699Z" },
    { url = "https://files.pythonhosted.org/packages/9c/16/82e65e21070e473f0ed6451224ed9fa0be85033d17e0c6e7213a12f59d12/shapely-2.1.2-cp314-cp314t-musllinux_1_2_aarch64.whl", hash = "sha256:df90e2db118c3671a0754f38e36802db75fe0920d211a27481daf50a711fdf26", size = 4030406, upload-time = "2025-09-24T13:51:34.189Z" },
    { url = "https://files.pythonhosted.org/packages/7c/75/c24ed871c576d7e2b64b04b1fe3d075157f6eb54e59670d3f5ffb36e25c7/shapely-2.1.2-cp314-cp314t-musllinux_1_2_x86_64.whl", hash = "sha256:361b6d45030b4ac64ddd0a26046906c8202eb60d0f9f53085f5179f1d23021a0", size = 4169511, upload-time = "2025-09-24T13:51:36.297Z" },
    { url = "https://files.pythonhosted.org/packages/b1/f7/b3d1d6d18ebf55236eec1c681ce5e665742aab3c0b7b232720a7d43df7b6/shapely-2.1.2-cp314-cp314t-win32.whl", hash = "sha256:b54df60f1fbdecc8ebc2c5b11870461a6417b3d617f555e5033f1505d36e5735", size = 1602607, upload-time = "2025-09-24T13:51:37.757Z" },
    { url = "https://files.pythonhosted.org/packages/9a/f6/f09272a71976dfc138129b8faf435d064a811ae2f708cb147dccdf7aacdb/shapely-2.1.2-cp314-cp314t-win_amd64.whl", hash = "sha256:0036ac886e0923417932c2e6369b6c52e38e0ff5d9120b90eef5cd9a5fc5cae9", size = 1796682, upload-time = "2025-09-24T13:51:39.233Z" },
]

[[package]]
name = "six"
version = "1.17.0"
source = { registry = "https://pypi.org/simple" }
sdist = { url = "https://files.pythonhosted.org/packages/94/e7/b2c673351809dca68a0e064b6af791aa332cf192da575fd474ed7d6f16a2/six-1.17.0.tar.gz", hash = "sha256:ff70335d468e7eb6ec65b95b99d3a2836546063f63acc5171de367e834932a81", size = 34031, upload-time = "2024-12-04T17:35:28.174Z" }
wheels = [
    { url = "https://files.pythonhosted.org/packages/b7/ce/149a00dd41f10bc29e5921b496af8b574d8413afcd5e30dfa0ed46c2cc5e/six-1.17.0-py2.py3-none-any.whl", hash = "sha256:4721f391ed90541fddacab5acf947aa0d3dc7d27b2e1e8eda2be8970586c3274", size = 11050, upload-time = "2024-12-04T17:35:26.475Z" },
]

[[package]]
name = "tzdata"
version = "2026.2"
source = { registry = "https://pypi.org/simple" }
sdist = { url = "https://files.pythonhosted.org/packages/ba/19/1b9b0e29f30c6d35cb345486df41110984ea67ae69dddbc0e8a100999493/tzdata-2026.2.tar.gz", hash = "sha256:9173fde7d80d9018e02a662e168e5a2d04f87c41ea174b139fbef642eda62d10", size = 198254, upload-time = "2026-04-24T15:22:08.651Z" }
wheels = [
    { url = "https://files.pythonhosted.org/packages/ce/e4/dccd7f47c4b64213ac01ef921a1337ee6e30e8c6466046018326977efd95/tzdata-2026.2-py2.py3-none-any.whl", hash = "sha256:bbe9af844f658da81a5f95019480da3a89415801f6cc966806612cc7169bffe7", size = 349321, upload-time = "2026-04-24T15:22:05.876Z" },
]
