version = 1
revision = 3
requires-python = ">=3.14"

[[package]]
name = "imagery-using-obstore"
version = "0.1.0"
source = { virtual = "." }
dependencies = [
    { name = "obstore" },
]

[package.metadata]
requires-dist = [{ name = "obstore", specifier = ">=0.9.4" }]

[[package]]
name = "obstore"
version = "0.9.4"
source = { registry = "https://pypi.org/simple" }
sdist = { url = "https://files.pythonhosted.org/packages/d3/7a/3a37b0bf0da898478029fcc511a0d2a7252689b1f29e46db7ae74a219c74/obstore-0.9.4.tar.gz", hash = "sha256:e2b93f1372c59da2c7e74122fc6dc4b713d84fd4528b5b500ef7f548425496b5", size = 124167, upload-time = "2026-04-22T19:51:05.261Z" }
wheels = [
    { url = "https://files.pythonhosted.org/packages/ac/25/4449a0066796b91e282d7604a66387bba399b14752598c748ea9557c4c32/obstore-0.9.4-cp311-abi3-macosx_10_12_x86_64.whl", hash = "sha256:0d17cd04e7f22960050a85f8daa6e274d693e8fb3b97b81eeaa293c6f9e62eb4", size = 4090743, upload-time = "2026-04-22T19:49:26.461Z" },
    { url = "https://files.pythonhosted.org/packages/93/91/639fe5f5644593b9f4bea66f8f29c7bfd4de3b3381fb74b4f7df678f505f/obstore-0.9.4-cp311-abi3-macosx_11_0_arm64.whl", hash = "sha256:d4beec92710fb8826fb357baf28fb79a91ee07dcdfe73777207aa762164aaa35", size = 3876313, upload-time = "2026-04-22T19:49:28.107Z" },
    { url = "https://files.pythonhosted.org/packages/ce/71/d6675f845ebe1e3927f2dce6a2a4d5a393359274762ee00c5e6855d5f468/obstore-0.9.4-cp311-abi3-manylinux_2_17_armv7l.manylinux2014_armv7l.whl", hash = "sha256:d523c8c365ab60afb8d232614a00a92bea439a9f5c55b92486c23a47af038a1e", size = 4029950, upload-time = "2026-04-22T19:49:30.279Z" },
    { url = "https://files.pythonhosted.org/packages/0e/3a/5915a173f5c6a95f9ec186a7e29b0ce6a23bd9b04c2b0b29a351dbe2baf6/obstore-0.9.4-cp311-abi3-manylinux_2_17_i686.manylinux2014_i686.whl", hash = "sha256:ee0483619088337ee365cb344fceee337e2670ec4de2a1da92ac7f6b2220f18e", size = 4129455, upload-time = "2026-04-22T19:49:31.934Z" },
    { url = "https://files.pythonhosted.org/packages/b5/a9/63c31d2d436c06c4d39ed5cb154fe54202b303854532ec09537c4ce0755b/obstore-0.9.4-cp311-abi3-manylinux_2_17_ppc64le.manylinux2014_ppc64le.whl", hash = "sha256:83da348bf0a7dd84e5839c0cd54d79dcd08e0729c394e566f73a605b93b9e998", size = 4416727, upload-time = "2026-04-22T19:49:34.016Z" },
    { url = "https://files.pythonhosted.org/packages/7f/fa/23c5c6db02be0e13abcbe01c1ca94c5f7876e8c58e74cb9ac2b57b068866/obstore-0.9.4-cp311-abi3-manylinux_2_17_s390x.manylinux2014_s390x.whl", hash = "sha256:f282a17200bcc37b8d7a1d02a146ed41812eb6e76fd0a4c9a154f02da1b8031f", size = 4311520, upload-time = "2026-04-22T19:49:35.905Z" },
    { url = "https://files.pythonhosted.org/packages/86/f0/49f6b02dab9c05e3fd79d6129e4d9e7e9874d6e5e05369ca3b3b80a48aaa/obstore-0.9.4-cp311-abi3-manylinux_2_17_x86_64.manylinux2014_x86_64.whl", hash = "sha256:d29dcfceaa0a205ded2263d29a2a3aa206819d549e0325c1f2106f79e2658584", size = 4220536, upload-time = "2026-04-22T19:49:38.343Z" },
    { url = "https://files.pythonhosted.org/packages/50/ab/d0bfd6d68422e7d8f2204d91736c7e62767e0576ad749da442a71e7773b2/obstore-0.9.4-cp311-abi3-manylinux_2_24_aarch64.whl", hash = "sha256:caecb912723ab8e9da8da26def249d66da4318959df2bafc0a55af64f3255902", size = 4105099, upload-time = "2026-04-22T19:49:40.384Z" },
    { url = "https://files.pythonhosted.org/packages/66/3b/f595d0ee354f9daa69438991f8818602f34bc59498c8468456a02d45fb27/obstore-0.9.4-cp311-abi3-musllinux_1_2_aarch64.whl", hash = "sha256:0c1c06fec8837595a2829b5f7536d0d01e940ce10b07ad2a8594fec1cfd0b7d5", size = 4294206, upload-time = "2026-04-22T19:49:42.016Z" },
    { url = "https://files.pythonhosted.org/packages/60/54/3c5af2d59258aaa9e5bef05320658ea6e9b1f3897a3a977bf7f54a0b6ec1/obstore-0.9.4-cp311-abi3-musllinux_1_2_armv7l.whl", hash = "sha256:c132795a789ec5ade31bf4d5b55ed321fb41d9749e9145520bf19063e1da5f7b", size = 4265047, upload-time = "2026-04-22T19:49:43.983Z" },
    { url = "https://files.pythonhosted.org/packages/fb/af/a8ba1feb81b9833b253147839da40405ec6bfa51feb3abfe909c800208a5/obstore-0.9.4-cp311-abi3-musllinux_1_2_i686.whl", hash = "sha256:c6e342360a5d0ae71486bc5f8311778aa144ec1a905c23593f8ef57b5bceae24", size = 4255361, upload-time = "2026-04-22T19:49:45.864Z" },
    { url = "https://files.pythonhosted.org/packages/15/f7/3ccc0288111e057f8ba3d99bee14f95d9e9bb00acaf6e9700e0eb4cd82c3/obstore-0.9.4-cp311-abi3-musllinux_1_2_x86_64.whl", hash = "sha256:aeb6f7e7e862550f5020a10692ef6f02d5ba4912dba08942eb59bb7d73f93fe0", size = 4439378, upload-time = "2026-04-22T19:49:47.581Z" },
    { url = "https://files.pythonhosted.org/packages/c4/b1/3ac8b5772743c60064f3c7e02d27f346dbb58feaa99a49ee09798d1cfb00/obstore-0.9.4-cp311-abi3-win_amd64.whl", hash = "sha256:a58ef942292841f99d69ac11d19d05544c835447c8c09dacbfb7409c6374c4a1", size = 4191594, upload-time = "2026-04-22T19:49:49.308Z" },
    { url = "https://files.pythonhosted.org/packages/19/76/c53583f95c6811057abd3116756dca46785318d564a0e99c207cbb2d8938/obstore-0.9.4-cp314-cp314t-macosx_10_12_x86_64.whl", hash = "sha256:e009e7437770c85beae4c32cb79f662f0a9922676ef127e943d107a5c082d38d", size = 4071302, upload-time = "2026-04-22T19:50:15.967Z" },
    { url = "https://files.pythonhosted.org/packages/2f/23/ac3b9c05a09b3d5f178ed6f288c5d6913df8f7386059590194e0fee65d15/obstore-0.9.4-cp314-cp314t-macosx_11_0_arm64.whl", hash = "sha256:ac5f3ad314bd4592fe484b79c229518be7bb5f6218bed33c20742026d5caf860", size = 3870813, upload-time = "2026-04-22T19:50:17.62Z" },
    { url = "https://files.pythonhosted.org/packages/f7/ec/c3458e0f24d2d1a4f185f541905b07e51c91b3fec589b1600c77d511e585/obstore-0.9.4-cp314-cp314t-manylinux_2_17_armv7l.manylinux2014_armv7l.whl", hash = "sha256:db79d5ebc4177360565ffcec4abd49930cf052cdbeb94e3a3ece2e2d08f087d0", size = 4024237, upload-time = "2026-04-22T19:50:19.81Z" },
    { url = "https://files.pythonhosted.org/packages/a7/eb/6cf468a200e491fdc6c04075e2fbbac1707bbecd243f0f56ae1e75d052ed/obstore-0.9.4-cp314-cp314t-manylinux_2_17_i686.manylinux2014_i686.whl", hash = "sha256:05b565d89c3115fb74385852dd628e12f6645a1bba97523dceae016b538a3f33", size = 4119635, upload-time = "2026-04-22T19:50:21.605Z" },
    { url = "https://files.pythonhosted.org/packages/81/fb/b44d002767fa5af95ab4ca8e16c3a9057fc11f13de03f498b99adf0c4e50/obstore-0.9.4-cp314-cp314t-manylinux_2_17_ppc64le.manylinux2014_ppc64le.whl", hash = "sha256:7dfc4fc98403d8fbb316eb04257c8122b6f1dda37e80869491fdacf60a815e4c", size = 4406906, upload-time = "2026-04-22T19:50:23.654Z" },
    { url = "https://files.pythonhosted.org/packages/4b/18/9a75ad5082cd581c4a55f0e62bedf4b030a8b53824976fc1f030eff225b3/obstore-0.9.4-cp314-cp314t-manylinux_2_17_s390x.manylinux2014_s390x.whl", hash = "sha256:c69af620fd3d06a8cfb62d25faf1adb6ccc97cc572f47ee04dddcde5a5e5444e", size = 4311826, upload-time = "2026-04-22T19:50:25.458Z" },
    { url = "https://files.pythonhosted.org/packages/8d/03/b0f945b31f40364a7ed4dbc5677abc66331fcf478732f4d643e17e56bb13/obstore-0.9.4-cp314-cp314t-manylinux_2_17_x86_64.manylinux2014_x86_64.whl", hash = "sha256:fa78c0230e0b9d49b25ed18980e1751331ddfe05782d6ce97579a9ccda8229ea", size = 4217086, upload-time = "2026-04-22T19:50:27.266Z" },
    { url = "https://files.pythonhosted.org/packages/1a/26/bdd85264c806802086f21d73cc7c95a5baca5feeeac4bce8acb97142163f/obstore-0.9.4-cp314-cp314t-manylinux_2_24_aarch64.whl", hash = "sha256:c828719f0bb310a9cf0e0f08cb62a0b8cc550138617cb03ac897900aec9d3d47", size = 4105560, upload-time = "2026-04-22T19:50:29.324Z" },
    { url = "https://files.pythonhosted.org/packages/6a/36/4a4a6a398e5f145edd1886388ebe5e6f6bbaf74950a5dea1a6ceae63e6b5/obstore-0.9.4-cp314-cp314t-musllinux_1_2_aarch64.whl", hash = "sha256:49a0455519f284b6bc2e0694298114926aff1d1f3d5d344e9163e03b446826cc", size = 4292582, upload-time = "2026-04-22T19:50:31.028Z" },
    { url = "https://files.pythonhosted.org/packages/39/4c/9caa197cd2eba726e9a5285db34027049b9527a23e1a7e08479678ad6a4a/obstore-0.9.4-cp314-cp314t-musllinux_1_2_armv7l.whl", hash = "sha256:cf437309fc0fe852591ae50405300490229f876ea06574651fd753ca3fd23f25", size = 4261613, upload-time = "2026-04-22T19:50:32.868Z" },
    { url = "https://files.pythonhosted.org/packages/b8/94/a3fbe6fb3ee1c57fd4943ddbb21848eea3925b77e0789614c857d86b795e/obstore-0.9.4-cp314-cp314t-musllinux_1_2_i686.whl", hash = "sha256:d83dbd20b6a5d42e35794ef64046de39040854829ec4f1eb2f6dfb54df48cc3d", size = 4245638, upload-time = "2026-04-22T19:50:35.009Z" },
    { url = "https://files.pythonhosted.org/packages/56/a7/d18e168f318327d63512dfa7cf3b5e89ed9bfba6d6a8917ad7d4700b8657/obstore-0.9.4-cp314-cp314t-musllinux_1_2_x86_64.whl", hash = "sha256:5a0c337f37f30a2d66555d69bf3abd840457a279c57ede93bd02e014721ed364", size = 4437226, upload-time = "2026-04-22T19:50:36.635Z" },
    { url = "https://files.pythonhosted.org/packages/f4/ce/66aadd155db1e273c6ec2236c0fb904666d10c2e3b791b40624c272e586c/obstore-0.9.4-cp314-cp314t-win_amd64.whl", hash = "sha256:24e37a1c713c95a964e119f8ef879415a495432162e74e80ed29d645aeeca114", size = 4180746, upload-time = "2026-04-22T19:50:38.396Z" },
]
